
Microsoft Visual Studio Solution File, Format Version 12.00
Project("{FAE04EC0-301F-11D3-BF4B-00C04F79EFBC}") = "Builder", "Builder\Builder.csproj", "{967E3003-FB18-48AC-9395-006B9D716DBE}"
EndProject
Project("{FAE04EC0-301F-11D3-BF4B-00C04F79EFBC}") = "TestTacoBuilder", "TestTacoBuilder\TestTacoBuilder.csproj", "{9AB36EC0-5CC5-4BD6-B98A-D321D26D8D7D}"
EndProject
Project("{FAE04EC0-301F-11D3-BF4B-00C04F79EFBC}") = "AbstractFactory", "AbstractFactory\AbstractFactory.csproj", "{7440824C-CB89-4E26-B5FE-3F1E80FAA771}"
EndProject
Project("{FAE04EC0-301F-11D3-BF4B-00C04F79EFBC}") = "Prototype", "Prototype\Prototype.csproj", "{7E457E7A-DA94-4161-ADE8-89B10C6E39A4}"
EndProject
Project("{FAE04EC0-301F-11D3-BF4B-00C04F79EFBC}") = "Adapter", "Adapter\Adapter.csproj", "{A06652AA-9FD4-4B24-AB41-322A684B99DE}"
EndProject
Project("{FAE04EC0-301F-11D3-BF4B-00C04F79EFBC}") = "Bridge", "Bridge\Bridge.csproj", "{52F9CD75-A880-40C3-8646-D1E8A931AD16}"
EndProject
Project("{FAE04EC0-301F-11D3-BF4B-00C04F79EFBC}") = "Composite", "Composite\Composite.csproj", "{0388BF45-F016-45A3-9F6B-4E2C01F7C8C1}"
EndProject
Project("{FAE04EC0-301F-11D3-BF4B-00C04F79EFBC}") = "Decorator", "Decorator\Decorator.csproj", "{08FFA99A-99F0-4A69-AE65-4EF9FB90805A}"
EndProject
Project("{FAE04EC0-301F-11D3-BF4B-00C04F79EFBC}") = "Facade", "Facade\Facade.csproj", "{94ED946C-0EA1-4585-B4F1-18FCDD9E589C}"
EndProject
Project("{FAE04EC0-301F-11D3-BF4B-00C04F79EFBC}") = "Proxy", "Proxy\Proxy.csproj", "{4ED1D937-C751-4193-B2BE-7ED4995CE56F}"
EndProject
Project("{FAE04EC0-301F-11D3-BF4B-00C04F79EFBC}") = "CoR", "CoR\CoR.csproj", "{A625FE3E-DD09-4C2C-AEAA-60E9484B105D}"
EndProject
Project("{FAE04EC0-301F-11D3-BF4B-00C04F79EFBC}") = "Command", "Command\Command.csproj", "{0C1B5F46-7A2C-498F-AC5C-1EB6BEAF6A81}"
EndProject
Project("{FAE04EC0-301F-11D3-BF4B-00C04F79EFBC}") = "Strategy", "Strategy\Strategy.csproj", "{E91A7876-1493-4291-BF60-6380A5DD074E}"
EndProject
Project("{FAE04EC0-301F-11D3-BF4B-00C04F79EFBC}") = "Memento", "Memento\Memento.csproj", "{E1A9C4B4-E29C-403C-BF5E-251B9B8026DD}"
EndProject
Global
	GlobalSection(SolutionConfigurationPlatforms) = preSolution
		Debug|Any CPU = Debug|Any CPU
		Release|Any CPU = Release|Any CPU
	EndGlobalSection
	GlobalSection(ProjectConfigurationPlatforms) = postSolution
		{967E3003-FB18-48AC-9395-006B9D716DBE}.Debug|Any CPU.ActiveCfg = Debug|Any CPU
		{967E3003-FB18-48AC-9395-006B9D716DBE}.Debug|Any CPU.Build.0 = Debug|Any CPU
		{967E3003-FB18-48AC-9395-006B9D716DBE}.Release|Any CPU.ActiveCfg = Release|Any CPU
		{967E3003-FB18-48AC-9395-006B9D716DBE}.Release|Any CPU.Build.0 = Release|Any CPU
		{9AB36EC0-5CC5-4BD6-B98A-D321D26D8D7D}.Debug|Any CPU.ActiveCfg = Debug|Any CPU
		{9AB36EC0-5CC5-4BD6-B98A-D321D26D8D7D}.Debug|Any CPU.Build.0 = Debug|Any CPU
		{9AB36EC0-5CC5-4BD6-B98A-D321D26D8D7D}.Release|Any CPU.ActiveCfg = Release|Any CPU
		{9AB36EC0-5CC5-4BD6-B98A-D321D26D8D7D}.Release|Any CPU.Build.0 = Release|Any CPU
		{7440824C-CB89-4E26-B5FE-3F1E80FAA771}.Debug|Any CPU.ActiveCfg = Debug|Any CPU
		{7440824C-CB89-4E26-B5FE-3F1E80FAA771}.Debug|Any CPU.Build.0 = Debug|Any CPU
		{7440824C-CB89-4E26-B5FE-3F1E80FAA771}.Release|Any CPU.ActiveCfg = Release|Any CPU
		{7440824C-CB89-4E26-B5FE-3F1E80FAA771}.Release|Any CPU.Build.0 = Release|Any CPU
		{7E457E7A-DA94-4161-ADE8-89B10C6E39A4}.Debug|Any CPU.ActiveCfg = Debug|Any CPU
		{7E457E7A-DA94-4161-ADE8-89B10C6E39A4}.Debug|Any CPU.Build.0 = Debug|Any CPU
		{7E457E7A-DA94-4161-ADE8-89B10C6E39A4}.Release|Any CPU.ActiveCfg = Release|Any CPU
		{7E457E7A-DA94-4161-ADE8-89B10C6E39A4}.Release|Any CPU.Build.0 = Release|Any CPU
		{A06652AA-9FD4-4B24-AB41-322A684B99DE}.Debug|Any CPU.ActiveCfg = Debug|Any CPU
		{A06652AA-9FD4-4B24-AB41-322A684B99DE}.Debug|Any CPU.Build.0 = Debug|Any CPU
		{A06652AA-9FD4-4B24-AB41-322A684B99DE}.Release|Any CPU.ActiveCfg = Release|Any CPU
		{A06652AA-9FD4-4B24-AB41-322A684B99DE}.Release|Any CPU.Build.0 = Release|Any CPU
		{52F9CD75-A880-40C3-8646-D1E8A931AD16}.Debug|Any CPU.ActiveCfg = Debug|Any CPU
		{52F9CD75-A880-40C3-8646-D1E8A931AD16}.Debug|Any CPU.Build.0 = Debug|Any CPU
		{52F9CD75-A880-40C3-8646-D1E8A931AD16}.Release|Any CPU.ActiveCfg = Release|Any CPU
		{52F9CD75-A880-40C3-8646-D1E8A931AD16}.Release|Any CPU.Build.0 = Release|Any CPU
		{0388BF45-F016-45A3-9F6B-4E2C01F7C8C1}.Debug|Any CPU.ActiveCfg = Debug|Any CPU
		{0388BF45-F016-45A3-9F6B-4E2C01F7C8C1}.Debug|Any CPU.Build.0 = Debug|Any CPU
		{0388BF45-F016-45A3-9F6B-4E2C01F7C8C1}.Release|Any CPU.ActiveCfg = Release|Any CPU
		{0388BF45-F016-45A3-9F6B-4E2C01F7C8C1}.Release|Any CPU.Build.0 = Release|Any CPU
		{08FFA99A-99F0-4A69-AE65-4EF9FB90805A}.Debug|Any CPU.ActiveCfg = Debug|Any CPU
		{08FFA99A-99F0-4A69-AE65-4EF9FB90805A}.Debug|Any CPU.Build.0 = Debug|Any CPU
		{08FFA99A-99F0-4A69-AE65-4EF9FB90805A}.Release|Any CPU.ActiveCfg = Release|Any CPU
		{08FFA99A-99F0-4A69-AE65-4EF9FB90805A}.Release|Any CPU.Build.0 = Release|Any CPU
		{94ED946C-0EA1-4585-B4F1-18FCDD9E589C}.Debug|Any CPU.ActiveCfg = Debug|Any CPU
		{94ED946C-0EA1-4585-B4F1-18FCDD9E589C}.Debug|Any CPU.Build.0 = Debug|Any CPU
		{94ED946C-0EA1-4585-B4F1-18FCDD9E589C}.Release|Any CPU.ActiveCfg = Release|Any CPU
		{94ED946C-0EA1-4585-B4F1-18FCDD9E589C}.Release|Any CPU.Build.0 = Release|Any CPU
		{4ED1D937-C751-4193-B2BE-7ED4995CE56F}.Debug|Any CPU.ActiveCfg = Debug|Any CPU
		{4ED1D937-C751-4193-B2BE-7ED4995CE56F}.Debug|Any CPU.Build.0 = Debug|Any CPU
		{4ED1D937-C751-4193-B2BE-7ED4995CE56F}.Release|Any CPU.ActiveCfg = Release|Any CPU
		{4ED1D937-C751-4193-B2BE-7ED4995CE56F}.Release|Any CPU.Build.0 = Release|Any CPU
		{A625FE3E-DD09-4C2C-AEAA-60E9484B105D}.Debug|Any CPU.ActiveCfg = Debug|Any CPU
		{A625FE3E-DD09-4C2C-AEAA-60E9484B105D}.Debug|Any CPU.Build.0 = Debug|Any CPU
		{A625FE3E-DD09-4C2C-AEAA-60E9484B105D}.Release|Any CPU.ActiveCfg = Release|Any CPU
		{A625FE3E-DD09-4C2C-AEAA-60E9484B105D}.Release|Any CPU.Build.0 = Release|Any CPU
		{0C1B5F46-7A2C-498F-AC5C-1EB6BEAF6A81}.Debug|Any CPU.ActiveCfg = Debug|Any CPU
		{0C1B5F46-7A2C-498F-AC5C-1EB6BEAF6A81}.Debug|Any CPU.Build.0 = Debug|Any CPU
		{0C1B5F46-7A2C-498F-AC5C-1EB6BEAF6A81}.Release|Any CPU.ActiveCfg = Release|Any CPU
		{0C1B5F46-7A2C-498F-AC5C-1EB6BEAF6A81}.Release|Any CPU.Build.0 = Release|Any CPU
		{E91A7876-1493-4291-BF60-6380A5DD074E}.Debug|Any CPU.ActiveCfg = Debug|Any CPU
		{E91A7876-1493-4291-BF60-6380A5DD074E}.Debug|Any CPU.Build.0 = Debug|Any CPU
		{E91A7876-1493-4291-BF60-6380A5DD074E}.Release|Any CPU.ActiveCfg = Release|Any CPU
		{E91A7876-1493-4291-BF60-6380A5DD074E}.Release|Any CPU.Build.0 = Release|Any CPU
		{E1A9C4B4-E29C-403C-BF5E-251B9B8026DD}.Debug|Any CPU.ActiveCfg = Debug|Any CPU
		{E1A9C4B4-E29C-403C-BF5E-251B9B8026DD}.Debug|Any CPU.Build.0 = Debug|Any CPU
		{E1A9C4B4-E29C-403C-BF5E-251B9B8026DD}.Release|Any CPU.ActiveCfg = Release|Any CPU
		{E1A9C4B4-E29C-403C-BF5E-251B9B8026DD}.Release|Any CPU.Build.0 = Release|Any CPU
	EndGlobalSection
EndGlobal
