
Microsoft Visual Studio Solution File, Format Version 12.00
Project("{FAE04EC0-301F-11D3-BF4B-00C04F79EFBC}") = "Builder", "Builder\Builder.csproj", "{967E3003-FB18-48AC-9395-006B9D716DBE}"
EndProject
Project("{FAE04EC0-301F-11D3-BF4B-00C04F79EFBC}") = "TestTacoBuilder", "TestTacoBuilder\TestTacoBuilder.csproj", "{9AB36EC0-5CC5-4BD6-B98A-D321D26D8D7D}"
EndProject
Project("{FAE04EC0-301F-11D3-BF4B-00C04F79EFBC}") = "AbstractFactory", "AbstractFactory\AbstractFactory.csproj", "{7440824C-CB89-4E26-B5FE-3F1E80FAA771}"
EndProject
Global
	GlobalSection(SolutionConfigurationPlatforms) = preSolution
		Debug|Any CPU = Debug|Any CPU
		Release|Any CPU = Release|Any CPU
	EndGlobalSection
	GlobalSection(ProjectConfigurationPlatforms) = postSolution
		{967E3003-FB18-48AC-9395-006B9D716DBE}.Debug|Any CPU.ActiveCfg = Debug|Any CPU
		{967E3003-FB18-48AC-9395-006B9D716DBE}.Debug|Any CPU.Build.0 = Debug|Any CPU
		{967E3003-FB18-48AC-9395-006B9D716DBE}.Release|Any CPU.ActiveCfg = Release|Any CPU
		{967E3003-FB18-48AC-9395-006B9D716DBE}.Release|Any CPU.Build.0 = Release|Any CPU
		{9AB36EC0-5CC5-4BD6-B98A-D321D26D8D7D}.Debug|Any CPU.ActiveCfg = Debug|Any CPU
		{9AB36EC0-5CC5-4BD6-B98A-D321D26D8D7D}.Debug|Any CPU.Build.0 = Debug|Any CPU
		{9AB36EC0-5CC5-4BD6-B98A-D321D26D8D7D}.Release|Any CPU.ActiveCfg = Release|Any CPU
		{9AB36EC0-5CC5-4BD6-B98A-D321D26D8D7D}.Release|Any CPU.Build.0 = Release|Any CPU
		{7440824C-CB89-4E26-B5FE-3F1E80FAA771}.Debug|Any CPU.ActiveCfg = Debug|Any CPU
		{7440824C-CB89-4E26-B5FE-3F1E80FAA771}.Debug|Any CPU.Build.0 = Debug|Any CPU
		{7440824C-CB89-4E26-B5FE-3F1E80FAA771}.Release|Any CPU.ActiveCfg = Release|Any CPU
		{7440824C-CB89-4E26-B5FE-3F1E80FAA771}.Release|Any CPU.Build.0 = Release|Any CPU
	EndGlobalSection
EndGlobal
